
Microsoft Visual Studio Solution File, Format Version 12.00
# Visual Studio Version 16
VisualStudioVersion = 16.0.30114.105
MinimumVisualStudioVersion = 10.0.40219.1
Project("{FAE04EC0-301F-11D3-BF4B-00C04F79EFBC}") = "Lab6", "Lab6\Lab6.csproj", "{DB1D33E7-F40A-4AA8-97A5-D299FF923E71}"
EndProject
Global
	GlobalSection(SolutionConfigurationPlatforms) = preSolution
		Debug|Any CPU = Debug|Any CPU
		Release|Any CPU = Release|Any CPU
	EndGlobalSection
	GlobalSection(ProjectConfigurationPlatforms) = postSolution
		{DB1D33E7-F40A-4AA8-97A5-D299FF923E71}.Debug|Any CPU.ActiveCfg = Debug|Any CPU
		{DB1D33E7-F40A-4AA8-97A5-D299FF923E71}.Debug|Any CPU.Build.0 = Debug|Any CPU
		{DB1D33E7-F40A-4AA8-97A5-D299FF923E71}.Release|Any CPU.ActiveCfg = Release|Any CPU
		{DB1D33E7-F40A-4AA8-97A5-D299FF923E71}.Release|Any CPU.Build.0 = Release|Any CPU
	EndGlobalSection
	GlobalSection(SolutionProperties) = preSolution
		HideSolutionNode = FALSE
	EndGlobalSection
	GlobalSection(ExtensibilityGlobals) = postSolution
		SolutionGuid = {5AB04074-260D-4F70-A120-99BD0F627BCC}
	EndGlobalSection
EndGlobal
